// !$*UTF8*$!
{
	archiveVersion = 1;
	classes = {
	};
	objectVersion = 46;
	objects = {

/* Begin PBXBuildFile section */
		6B63BEA11E403F0200272F9B /* DiaryEntry+SectionIdentifier.swift in Sources */ = {isa = PBXBuildFile; fileRef = 6B63BEA01E403F0200272F9B /* DiaryEntry+SectionIdentifier.swift */; };
		6B63BEA21E403F0200272F9B /* DiaryEntry+SectionIdentifier.swift in Sources */ = {isa = PBXBuildFile; fileRef = 6B63BEA01E403F0200272F9B /* DiaryEntry+SectionIdentifier.swift */; };
		6B63BEA71E40D69400272F9B /* PhotosViewController.swift in Sources */ = {isa = PBXBuildFile; fileRef = 6B63BEA61E40D69400272F9B /* PhotosViewController.swift */; };
		6B63BEA81E40D69400272F9B /* PhotosViewController.swift in Sources */ = {isa = PBXBuildFile; fileRef = 6B63BEA61E40D69400272F9B /* PhotosViewController.swift */; };
		6B63BEAA1E40D8DD00272F9B /* PhotoCell.swift in Sources */ = {isa = PBXBuildFile; fileRef = 6B63BEA91E40D8DD00272F9B /* PhotoCell.swift */; };
		6B63BEAB1E40D8DD00272F9B /* PhotoCell.swift in Sources */ = {isa = PBXBuildFile; fileRef = 6B63BEA91E40D8DD00272F9B /* PhotoCell.swift */; };
		6B63BEAD1E410C0700272F9B /* DiaryViewController.swift in Sources */ = {isa = PBXBuildFile; fileRef = 6B63BEAC1E410C0700272F9B /* DiaryViewController.swift */; };
		6B63BEAE1E410C0700272F9B /* DiaryViewController.swift in Sources */ = {isa = PBXBuildFile; fileRef = 6B63BEAC1E410C0700272F9B /* DiaryViewController.swift */; };
		6B63BEB01E41179700272F9B /* DiaryFetchedResultsManager.swift in Sources */ = {isa = PBXBuildFile; fileRef = 6B63BEAF1E41179700272F9B /* DiaryFetchedResultsManager.swift */; };
		6B63BEB11E41179700272F9B /* DiaryFetchedResultsManager.swift in Sources */ = {isa = PBXBuildFile; fileRef = 6B63BEAF1E41179700272F9B /* DiaryFetchedResultsManager.swift */; };
		6B63BEF21E4243E200272F9B /* DailyDiaryError.swift in Sources */ = {isa = PBXBuildFile; fileRef = 6B63BEF11E4243E200272F9B /* DailyDiaryError.swift */; };
		6B63BEF31E4243E200272F9B /* DailyDiaryError.swift in Sources */ = {isa = PBXBuildFile; fileRef = 6B63BEF11E4243E200272F9B /* DailyDiaryError.swift */; };
		6BCB86B31E3A49D10028DADF /* AppDelegate.swift in Sources */ = {isa = PBXBuildFile; fileRef = 6BCB86B21E3A49D10028DADF /* AppDelegate.swift */; };
		6BCB86B61E3A49D10028DADF /* DailyDiary.xcdatamodeld in Sources */ = {isa = PBXBuildFile; fileRef = 6BCB86B41E3A49D10028DADF /* DailyDiary.xcdatamodeld */; };
		6BCB86BA1E3A49D10028DADF /* DetailViewController.swift in Sources */ = {isa = PBXBuildFile; fileRef = 6BCB86B91E3A49D10028DADF /* DetailViewController.swift */; };
		6BCB86BD1E3A49D10028DADF /* Main.storyboard in Resources */ = {isa = PBXBuildFile; fileRef = 6BCB86BB1E3A49D10028DADF /* Main.storyboard */; };
		6BCB86C21E3A49D10028DADF /* LaunchScreen.storyboard in Resources */ = {isa = PBXBuildFile; fileRef = 6BCB86C01E3A49D10028DADF /* LaunchScreen.storyboard */; };
		6BCB86D81E3A49D10028DADF /* DailyDiaryUITests.swift in Sources */ = {isa = PBXBuildFile; fileRef = 6BCB86D71E3A49D10028DADF /* DailyDiaryUITests.swift */; };
		6BCB86E91E3A4AE50028DADF /* CoreDataController.swift in Sources */ = {isa = PBXBuildFile; fileRef = 6BCB86E81E3A4AE50028DADF /* CoreDataController.swift */; };
		6BCB86EA1E3A4AE50028DADF /* CoreDataController.swift in Sources */ = {isa = PBXBuildFile; fileRef = 6BCB86E81E3A4AE50028DADF /* CoreDataController.swift */; };
		6BCB86EC1E3A71370028DADF /* Assets.xcassets in Resources */ = {isa = PBXBuildFile; fileRef = 6BCB86EB1E3A71370028DADF /* Assets.xcassets */; };
		6BCB86ED1E3A71370028DADF /* Assets.xcassets in Resources */ = {isa = PBXBuildFile; fileRef = 6BCB86EB1E3A71370028DADF /* Assets.xcassets */; };
		6BCB86EF1E3A737C0028DADF /* DiaryCell.swift in Sources */ = {isa = PBXBuildFile; fileRef = 6BCB86EE1E3A737C0028DADF /* DiaryCell.swift */; };
		6BCB86F01E3A737C0028DADF /* DiaryCell.swift in Sources */ = {isa = PBXBuildFile; fileRef = 6BCB86EE1E3A737C0028DADF /* DiaryCell.swift */; };
		6BCB86F21E3BE2430028DADF /* DiaryEntry+Mood.swift in Sources */ = {isa = PBXBuildFile; fileRef = 6BCB86F11E3BE2430028DADF /* DiaryEntry+Mood.swift */; };
		6BCB86F31E3BE2430028DADF /* DiaryEntry+Mood.swift in Sources */ = {isa = PBXBuildFile; fileRef = 6BCB86F11E3BE2430028DADF /* DiaryEntry+Mood.swift */; };
		6BCB86FA1E3BE8550028DADF /* DiaryEntry+CoreDataClass.swift in Sources */ = {isa = PBXBuildFile; fileRef = 6BCB86F41E3BE8550028DADF /* DiaryEntry+CoreDataClass.swift */; };
		6BCB86FB1E3BE8550028DADF /* DiaryEntry+CoreDataClass.swift in Sources */ = {isa = PBXBuildFile; fileRef = 6BCB86F41E3BE8550028DADF /* DiaryEntry+CoreDataClass.swift */; };
		6BCB86FC1E3BE8550028DADF /* DiaryEntry+CoreDataProperties.swift in Sources */ = {isa = PBXBuildFile; fileRef = 6BCB86F51E3BE8550028DADF /* DiaryEntry+CoreDataProperties.swift */; };
		6BCB86FD1E3BE8550028DADF /* DiaryEntry+CoreDataProperties.swift in Sources */ = {isa = PBXBuildFile; fileRef = 6BCB86F51E3BE8550028DADF /* DiaryEntry+CoreDataProperties.swift */; };
		6BCB86FE1E3BE8550028DADF /* Photo+CoreDataClass.swift in Sources */ = {isa = PBXBuildFile; fileRef = 6BCB86F61E3BE8550028DADF /* Photo+CoreDataClass.swift */; };
		6BCB86FF1E3BE8550028DADF /* Photo+CoreDataClass.swift in Sources */ = {isa = PBXBuildFile; fileRef = 6BCB86F61E3BE8550028DADF /* Photo+CoreDataClass.swift */; };
		6BCB87001E3BE8550028DADF /* Photo+CoreDataProperties.swift in Sources */ = {isa = PBXBuildFile; fileRef = 6BCB86F71E3BE8550028DADF /* Photo+CoreDataProperties.swift */; };
		6BCB87011E3BE8550028DADF /* Photo+CoreDataProperties.swift in Sources */ = {isa = PBXBuildFile; fileRef = 6BCB86F71E3BE8550028DADF /* Photo+CoreDataProperties.swift */; };
		6BCB87021E3BE8550028DADF /* Location+CoreDataClass.swift in Sources */ = {isa = PBXBuildFile; fileRef = 6BCB86F81E3BE8550028DADF /* Location+CoreDataClass.swift */; };
		6BCB87031E3BE8550028DADF /* Location+CoreDataClass.swift in Sources */ = {isa = PBXBuildFile; fileRef = 6BCB86F81E3BE8550028DADF /* Location+CoreDataClass.swift */; };
		6BCB87041E3BE8550028DADF /* Location+CoreDataProperties.swift in Sources */ = {isa = PBXBuildFile; fileRef = 6BCB86F91E3BE8550028DADF /* Location+CoreDataProperties.swift */; };
		6BCB87051E3BE8550028DADF /* Location+CoreDataProperties.swift in Sources */ = {isa = PBXBuildFile; fileRef = 6BCB86F91E3BE8550028DADF /* Location+CoreDataProperties.swift */; };
		6BCB87081E3BF6560028DADF /* Date+Pretty.swift in Sources */ = {isa = PBXBuildFile; fileRef = 6BCB87071E3BF6560028DADF /* Date+Pretty.swift */; };
		6BCB87091E3BF6560028DADF /* Date+Pretty.swift in Sources */ = {isa = PBXBuildFile; fileRef = 6BCB87071E3BF6560028DADF /* Date+Pretty.swift */; };
		6BCBEA8A1E42828D00DF6273 /* LinedPaperTextView.swift in Sources */ = {isa = PBXBuildFile; fileRef = 6BCBEA891E42828D00DF6273 /* LinedPaperTextView.swift */; };
		6BCBEA8B1E42828D00DF6273 /* LinedPaperTextView.swift in Sources */ = {isa = PBXBuildFile; fileRef = 6BCBEA891E42828D00DF6273 /* LinedPaperTextView.swift */; };
		6BCBEA8D1E43982000DF6273 /* ManagedObjectTests.swift in Sources */ = {isa = PBXBuildFile; fileRef = 6BCBEA8C1E43982000DF6273 /* ManagedObjectTests.swift */; };
		6BCBEA8E1E43A0E300DF6273 /* DetailViewController.swift in Sources */ = {isa = PBXBuildFile; fileRef = 6BCB86B91E3A49D10028DADF /* DetailViewController.swift */; };
		6BCBEA921E43C5C200DF6273 /* LocationManagerTests.swift in Sources */ = {isa = PBXBuildFile; fileRef = 6BCBEA911E43C5C200DF6273 /* LocationManagerTests.swift */; };
		6BCBEA941E44EC1C00DF6273 /* FetchedResultsTests.swift in Sources */ = {isa = PBXBuildFile; fileRef = 6BCBEA931E44EC1C00DF6273 /* FetchedResultsTests.swift */; };
		6BEB252A1E3D1AE600975C5E /* MediaPickerManager.swift in Sources */ = {isa = PBXBuildFile; fileRef = 6BEB25291E3D1AE600975C5E /* MediaPickerManager.swift */; };
		6BEB252B1E3D1AE600975C5E /* MediaPickerManager.swift in Sources */ = {isa = PBXBuildFile; fileRef = 6BEB25291E3D1AE600975C5E /* MediaPickerManager.swift */; };
		6BEB252D1E3E99BC00975C5E /* LocationManager.swift in Sources */ = {isa = PBXBuildFile; fileRef = 6BEB252C1E3E99BC00975C5E /* LocationManager.swift */; };
		6BEB252E1E3E99BC00975C5E /* LocationManager.swift in Sources */ = {isa = PBXBuildFile; fileRef = 6BEB252C1E3E99BC00975C5E /* LocationManager.swift */; };
		6BEB25301E3EFA2000975C5E /* UIViewController+DailyDiaryError.swift in Sources */ = {isa = PBXBuildFile; fileRef = 6BEB252F1E3EFA2000975C5E /* UIViewController+DailyDiaryError.swift */; };
		6BEB25311E3EFA2000975C5E /* UIViewController+DailyDiaryError.swift in Sources */ = {isa = PBXBuildFile; fileRef = 6BEB252F1E3EFA2000975C5E /* UIViewController+DailyDiaryError.swift */; };
/* End PBXBuildFile section */

/* Begin PBXContainerItemProxy section */
		6BCB86C91E3A49D10028DADF /* PBXContainerItemProxy */ = {
			isa = PBXContainerItemProxy;
			containerPortal = 6BCB86A71E3A49D10028DADF /* Project object */;
			proxyType = 1;
			remoteGlobalIDString = 6BCB86AE1E3A49D10028DADF;
			remoteInfo = DailyDiary;
		};
		6BCB86D41E3A49D10028DADF /* PBXContainerItemProxy */ = {
			isa = PBXContainerItemProxy;
			containerPortal = 6BCB86A71E3A49D10028DADF /* Project object */;
			proxyType = 1;
			remoteGlobalIDString = 6BCB86AE1E3A49D10028DADF;
			remoteInfo = DailyDiary;
		};
/* End PBXContainerItemProxy section */

/* Begin PBXFileReference section */
		6B63BEA01E403F0200272F9B /* DiaryEntry+SectionIdentifier.swift */ = {isa = PBXFileReference; fileEncoding = 4; lastKnownFileType = sourcecode.swift; path = "DiaryEntry+SectionIdentifier.swift"; sourceTree = "<group>"; };
		6B63BEA61E40D69400272F9B /* PhotosViewController.swift */ = {isa = PBXFileReference; fileEncoding = 4; lastKnownFileType = sourcecode.swift; path = PhotosViewController.swift; sourceTree = "<group>"; };
		6B63BEA91E40D8DD00272F9B /* PhotoCell.swift */ = {isa = PBXFileReference; fileEncoding = 4; lastKnownFileType = sourcecode.swift; path = PhotoCell.swift; sourceTree = "<group>"; };
		6B63BEAC1E410C0700272F9B /* DiaryViewController.swift */ = {isa = PBXFileReference; fileEncoding = 4; lastKnownFileType = sourcecode.swift; path = DiaryViewController.swift; sourceTree = "<group>"; };
		6B63BEAF1E41179700272F9B /* DiaryFetchedResultsManager.swift */ = {isa = PBXFileReference; fileEncoding = 4; lastKnownFileType = sourcecode.swift; path = DiaryFetchedResultsManager.swift; sourceTree = "<group>"; };
		6B63BEF11E4243E200272F9B /* DailyDiaryError.swift */ = {isa = PBXFileReference; fileEncoding = 4; lastKnownFileType = sourcecode.swift; path = DailyDiaryError.swift; sourceTree = "<group>"; };
		6BCB86AF1E3A49D10028DADF /* DailyDiary.app */ = {isa = PBXFileReference; explicitFileType = wrapper.application; includeInIndex = 0; path = DailyDiary.app; sourceTree = BUILT_PRODUCTS_DIR; };
		6BCB86B21E3A49D10028DADF /* AppDelegate.swift */ = {isa = PBXFileReference; lastKnownFileType = sourcecode.swift; path = AppDelegate.swift; sourceTree = "<group>"; };
		6BCB86B51E3A49D10028DADF /* DailyDiary.xcdatamodel */ = {isa = PBXFileReference; lastKnownFileType = wrapper.xcdatamodel; path = DailyDiary.xcdatamodel; sourceTree = "<group>"; };
		6BCB86B91E3A49D10028DADF /* DetailViewController.swift */ = {isa = PBXFileReference; lastKnownFileType = sourcecode.swift; path = DetailViewController.swift; sourceTree = "<group>"; };
		6BCB86BC1E3A49D10028DADF /* Base */ = {isa = PBXFileReference; lastKnownFileType = file.storyboard; name = Base; path = Base.lproj/Main.storyboard; sourceTree = "<group>"; };
		6BCB86C11E3A49D10028DADF /* Base */ = {isa = PBXFileReference; lastKnownFileType = file.storyboard; name = Base; path = Base.lproj/LaunchScreen.storyboard; sourceTree = "<group>"; };
		6BCB86C31E3A49D10028DADF /* Info.plist */ = {isa = PBXFileReference; lastKnownFileType = text.plist.xml; path = Info.plist; sourceTree = "<group>"; };
		6BCB86C81E3A49D10028DADF /* DailyDiaryTests.xctest */ = {isa = PBXFileReference; explicitFileType = wrapper.cfbundle; includeInIndex = 0; path = DailyDiaryTests.xctest; sourceTree = BUILT_PRODUCTS_DIR; };
		6BCB86CE1E3A49D10028DADF /* Info.plist */ = {isa = PBXFileReference; lastKnownFileType = text.plist.xml; path = Info.plist; sourceTree = "<group>"; };
		6BCB86D31E3A49D10028DADF /* DailyDiaryUITests.xctest */ = {isa = PBXFileReference; explicitFileType = wrapper.cfbundle; includeInIndex = 0; path = DailyDiaryUITests.xctest; sourceTree = BUILT_PRODUCTS_DIR; };
		6BCB86D71E3A49D10028DADF /* DailyDiaryUITests.swift */ = {isa = PBXFileReference; lastKnownFileType = sourcecode.swift; path = DailyDiaryUITests.swift; sourceTree = "<group>"; };
		6BCB86D91E3A49D10028DADF /* Info.plist */ = {isa = PBXFileReference; lastKnownFileType = text.plist.xml; path = Info.plist; sourceTree = "<group>"; };
		6BCB86E81E3A4AE50028DADF /* CoreDataController.swift */ = {isa = PBXFileReference; fileEncoding = 4; lastKnownFileType = sourcecode.swift; path = CoreDataController.swift; sourceTree = "<group>"; };
		6BCB86EB1E3A71370028DADF /* Assets.xcassets */ = {isa = PBXFileReference; lastKnownFileType = folder.assetcatalog; path = Assets.xcassets; sourceTree = "<group>"; };
		6BCB86EE1E3A737C0028DADF /* DiaryCell.swift */ = {isa = PBXFileReference; fileEncoding = 4; lastKnownFileType = sourcecode.swift; path = DiaryCell.swift; sourceTree = "<group>"; };
		6BCB86F11E3BE2430028DADF /* DiaryEntry+Mood.swift */ = {isa = PBXFileReference; fileEncoding = 4; lastKnownFileType = sourcecode.swift; path = "DiaryEntry+Mood.swift"; sourceTree = "<group>"; };
		6BCB86F41E3BE8550028DADF /* DiaryEntry+CoreDataClass.swift */ = {isa = PBXFileReference; fileEncoding = 4; lastKnownFileType = sourcecode.swift; path = "DiaryEntry+CoreDataClass.swift"; sourceTree = "<group>"; };
		6BCB86F51E3BE8550028DADF /* DiaryEntry+CoreDataProperties.swift */ = {isa = PBXFileReference; fileEncoding = 4; lastKnownFileType = sourcecode.swift; path = "DiaryEntry+CoreDataProperties.swift"; sourceTree = "<group>"; };
		6BCB86F61E3BE8550028DADF /* Photo+CoreDataClass.swift */ = {isa = PBXFileReference; fileEncoding = 4; lastKnownFileType = sourcecode.swift; path = "Photo+CoreDataClass.swift"; sourceTree = "<group>"; };
		6BCB86F71E3BE8550028DADF /* Photo+CoreDataProperties.swift */ = {isa = PBXFileReference; fileEncoding = 4; lastKnownFileType = sourcecode.swift; path = "Photo+CoreDataProperties.swift"; sourceTree = "<group>"; };
		6BCB86F81E3BE8550028DADF /* Location+CoreDataClass.swift */ = {isa = PBXFileReference; fileEncoding = 4; lastKnownFileType = sourcecode.swift; path = "Location+CoreDataClass.swift"; sourceTree = "<group>"; };
		6BCB86F91E3BE8550028DADF /* Location+CoreDataProperties.swift */ = {isa = PBXFileReference; fileEncoding = 4; lastKnownFileType = sourcecode.swift; path = "Location+CoreDataProperties.swift"; sourceTree = "<group>"; };
		6BCB87071E3BF6560028DADF /* Date+Pretty.swift */ = {isa = PBXFileReference; fileEncoding = 4; lastKnownFileType = sourcecode.swift; path = "Date+Pretty.swift"; sourceTree = "<group>"; };
		6BCBEA891E42828D00DF6273 /* LinedPaperTextView.swift */ = {isa = PBXFileReference; fileEncoding = 4; lastKnownFileType = sourcecode.swift; path = LinedPaperTextView.swift; sourceTree = "<group>"; };
		6BCBEA8C1E43982000DF6273 /* ManagedObjectTests.swift */ = {isa = PBXFileReference; fileEncoding = 4; lastKnownFileType = sourcecode.swift; path = ManagedObjectTests.swift; sourceTree = "<group>"; };
		6BCBEA911E43C5C200DF6273 /* LocationManagerTests.swift */ = {isa = PBXFileReference; fileEncoding = 4; lastKnownFileType = sourcecode.swift; path = LocationManagerTests.swift; sourceTree = "<group>"; };
		6BCBEA931E44EC1C00DF6273 /* FetchedResultsTests.swift */ = {isa = PBXFileReference; fileEncoding = 4; lastKnownFileType = sourcecode.swift; path = FetchedResultsTests.swift; sourceTree = "<group>"; };
		6BEB25291E3D1AE600975C5E /* MediaPickerManager.swift */ = {isa = PBXFileReference; fileEncoding = 4; lastKnownFileType = sourcecode.swift; path = MediaPickerManager.swift; sourceTree = "<group>"; };
		6BEB252C1E3E99BC00975C5E /* LocationManager.swift */ = {isa = PBXFileReference; fileEncoding = 4; lastKnownFileType = sourcecode.swift; path = LocationManager.swift; sourceTree = "<group>"; };
		6BEB252F1E3EFA2000975C5E /* UIViewController+DailyDiaryError.swift */ = {isa = PBXFileReference; fileEncoding = 4; lastKnownFileType = sourcecode.swift; path = "UIViewController+DailyDiaryError.swift"; sourceTree = "<group>"; };
/* End PBXFileReference section */

/* Begin PBXFrameworksBuildPhase section */
		6BCB86AC1E3A49D10028DADF /* Frameworks */ = {
			isa = PBXFrameworksBuildPhase;
			buildActionMask = 2147483647;
			files = (
			);
			runOnlyForDeploymentPostprocessing = 0;
		};
		6BCB86C51E3A49D10028DADF /* Frameworks */ = {
			isa = PBXFrameworksBuildPhase;
			buildActionMask = 2147483647;
			files = (
			);
			runOnlyForDeploymentPostprocessing = 0;
		};
		6BCB86D01E3A49D10028DADF /* Frameworks */ = {
			isa = PBXFrameworksBuildPhase;
			buildActionMask = 2147483647;
			files = (
			);
			runOnlyForDeploymentPostprocessing = 0;
		};
/* End PBXFrameworksBuildPhase section */

/* Begin PBXGroup section */
		6BCB86A61E3A49D10028DADF = {
			isa = PBXGroup;
			children = (
				6BCB86B11E3A49D10028DADF /* DailyDiary */,
				6BCB86CB1E3A49D10028DADF /* DailyDiaryTests */,
				6BCB86D61E3A49D10028DADF /* DailyDiaryUITests */,
				6BCB86B01E3A49D10028DADF /* Products */,
			);
			sourceTree = "<group>";
		};
		6BCB86B01E3A49D10028DADF /* Products */ = {
			isa = PBXGroup;
			children = (
				6BCB86AF1E3A49D10028DADF /* DailyDiary.app */,
				6BCB86C81E3A49D10028DADF /* DailyDiaryTests.xctest */,
				6BCB86D31E3A49D10028DADF /* DailyDiaryUITests.xctest */,
			);
			name = Products;
			sourceTree = "<group>";
		};
		6BCB86B11E3A49D10028DADF /* DailyDiary */ = {
			isa = PBXGroup;
			children = (
				6BCB87061E3BF6440028DADF /* Helper */,
				6BCB86B21E3A49D10028DADF /* AppDelegate.swift */,
				6BCB86E51E3A4AAB0028DADF /* Model */,
				6BCB86E61E3A4AB40028DADF /* View */,
				6BCB86E71E3A4ABA0028DADF /* Controller */,
				6BCB86C31E3A49D10028DADF /* Info.plist */,
			);
			path = DailyDiary;
			sourceTree = "<group>";
		};
		6BCB86CB1E3A49D10028DADF /* DailyDiaryTests */ = {
			isa = PBXGroup;
			children = (
				6BCBEA931E44EC1C00DF6273 /* FetchedResultsTests.swift */,
				6BCBEA911E43C5C200DF6273 /* LocationManagerTests.swift */,
				6BCBEA8C1E43982000DF6273 /* ManagedObjectTests.swift */,
				6BCB86CE1E3A49D10028DADF /* Info.plist */,
			);
			path = DailyDiaryTests;
			sourceTree = "<group>";
		};
		6BCB86D61E3A49D10028DADF /* DailyDiaryUITests */ = {
			isa = PBXGroup;
			children = (
				6BCB86D71E3A49D10028DADF /* DailyDiaryUITests.swift */,
				6BCB86D91E3A49D10028DADF /* Info.plist */,
			);
			path = DailyDiaryUITests;
			sourceTree = "<group>";
		};
		6BCB86E51E3A4AAB0028DADF /* Model */ = {
			isa = PBXGroup;
			children = (
				6BCB86B41E3A49D10028DADF /* DailyDiary.xcdatamodeld */,
				6BCB86F41E3BE8550028DADF /* DiaryEntry+CoreDataClass.swift */,
				6BCB86F51E3BE8550028DADF /* DiaryEntry+CoreDataProperties.swift */,
				6BCB86F11E3BE2430028DADF /* DiaryEntry+Mood.swift */,
				6B63BEA01E403F0200272F9B /* DiaryEntry+SectionIdentifier.swift */,
				6BCB86F61E3BE8550028DADF /* Photo+CoreDataClass.swift */,
				6BCB86F71E3BE8550028DADF /* Photo+CoreDataProperties.swift */,
				6BCB86F81E3BE8550028DADF /* Location+CoreDataClass.swift */,
				6BCB86F91E3BE8550028DADF /* Location+CoreDataProperties.swift */,
				6B63BEF11E4243E200272F9B /* DailyDiaryError.swift */,
			);
			name = Model;
			sourceTree = "<group>";
		};
		6BCB86E61E3A4AB40028DADF /* View */ = {
			isa = PBXGroup;
			children = (
				6BCB86EE1E3A737C0028DADF /* DiaryCell.swift */,
				6B63BEA91E40D8DD00272F9B /* PhotoCell.swift */,
				6BCB86EB1E3A71370028DADF /* Assets.xcassets */,
				6BCB86BB1E3A49D10028DADF /* Main.storyboard */,
				6BCB86C01E3A49D10028DADF /* LaunchScreen.storyboard */,
			);
			name = View;
			sourceTree = "<group>";
		};
		6BCB86E71E3A4ABA0028DADF /* Controller */ = {
			isa = PBXGroup;
			children = (
				6B63BEAC1E410C0700272F9B /* DiaryViewController.swift */,
				6BCB86B91E3A49D10028DADF /* DetailViewController.swift */,
				6B63BEA61E40D69400272F9B /* PhotosViewController.swift */,
				6BCB86E81E3A4AE50028DADF /* CoreDataController.swift */,
				6BEB25291E3D1AE600975C5E /* MediaPickerManager.swift */,
				6BEB252C1E3E99BC00975C5E /* LocationManager.swift */,
				6B63BEAF1E41179700272F9B /* DiaryFetchedResultsManager.swift */,
			);
			name = Controller;
			sourceTree = "<group>";
		};
		6BCB87061E3BF6440028DADF /* Helper */ = {
			isa = PBXGroup;
			children = (
				6BCB87071E3BF6560028DADF /* Date+Pretty.swift */,
				6BEB252F1E3EFA2000975C5E /* UIViewController+DailyDiaryError.swift */,
				6BCBEA891E42828D00DF6273 /* LinedPaperTextView.swift */,
			);
			name = Helper;
			sourceTree = "<group>";
		};
/* End PBXGroup section */

/* Begin PBXNativeTarget section */
		6BCB86AE1E3A49D10028DADF /* DailyDiary */ = {
			isa = PBXNativeTarget;
			buildConfigurationList = 6BCB86DC1E3A49D10028DADF /* Build configuration list for PBXNativeTarget "DailyDiary" */;
			buildPhases = (
				6BCB86AB1E3A49D10028DADF /* Sources */,
				6BCB86AC1E3A49D10028DADF /* Frameworks */,
				6BCB86AD1E3A49D10028DADF /* Resources */,
			);
			buildRules = (
			);
			dependencies = (
			);
			name = DailyDiary;
			productName = DailyDiary;
			productReference = 6BCB86AF1E3A49D10028DADF /* DailyDiary.app */;
			productType = "com.apple.product-type.application";
		};
		6BCB86C71E3A49D10028DADF /* DailyDiaryTests */ = {
			isa = PBXNativeTarget;
			buildConfigurationList = 6BCB86DF1E3A49D10028DADF /* Build configuration list for PBXNativeTarget "DailyDiaryTests" */;
			buildPhases = (
				6BCB86C41E3A49D10028DADF /* Sources */,
				6BCB86C51E3A49D10028DADF /* Frameworks */,
				6BCB86C61E3A49D10028DADF /* Resources */,
			);
			buildRules = (
			);
			dependencies = (
				6BCB86CA1E3A49D10028DADF /* PBXTargetDependency */,
			);
			name = DailyDiaryTests;
			productName = DailyDiaryTests;
			productReference = 6BCB86C81E3A49D10028DADF /* DailyDiaryTests.xctest */;
			productType = "com.apple.product-type.bundle.unit-test";
		};
		6BCB86D21E3A49D10028DADF /* DailyDiaryUITests */ = {
			isa = PBXNativeTarget;
			buildConfigurationList = 6BCB86E21E3A49D10028DADF /* Build configuration list for PBXNativeTarget "DailyDiaryUITests" */;
			buildPhases = (
				6BCB86CF1E3A49D10028DADF /* Sources */,
				6BCB86D01E3A49D10028DADF /* Frameworks */,
				6BCB86D11E3A49D10028DADF /* Resources */,
			);
			buildRules = (
			);
			dependencies = (
				6BCB86D51E3A49D10028DADF /* PBXTargetDependency */,
			);
			name = DailyDiaryUITests;
			productName = DailyDiaryUITests;
			productReference = 6BCB86D31E3A49D10028DADF /* DailyDiaryUITests.xctest */;
			productType = "com.apple.product-type.bundle.ui-testing";
		};
/* End PBXNativeTarget section */

/* Begin PBXProject section */
		6BCB86A71E3A49D10028DADF /* Project object */ = {
			isa = PBXProject;
			attributes = {
				LastSwiftUpdateCheck = 0820;
				LastUpgradeCheck = 0820;
				ORGANIZATIONNAME = redBred;
				TargetAttributes = {
					6BCB86AE1E3A49D10028DADF = {
						CreatedOnToolsVersion = 8.2.1;
						DevelopmentTeam = 646297YD5V;
						ProvisioningStyle = Automatic;
					};
					6BCB86C71E3A49D10028DADF = {
						CreatedOnToolsVersion = 8.2.1;
						DevelopmentTeam = 646297YD5V;
						ProvisioningStyle = Automatic;
						TestTargetID = 6BCB86AE1E3A49D10028DADF;
					};
					6BCB86D21E3A49D10028DADF = {
						CreatedOnToolsVersion = 8.2.1;
						DevelopmentTeam = 646297YD5V;
						ProvisioningStyle = Automatic;
						TestTargetID = 6BCB86AE1E3A49D10028DADF;
					};
				};
			};
			buildConfigurationList = 6BCB86AA1E3A49D10028DADF /* Build configuration list for PBXProject "DailyDiary" */;
			compatibilityVersion = "Xcode 3.2";
			developmentRegion = English;
			hasScannedForEncodings = 0;
			knownRegions = (
				en,
				Base,
			);
			mainGroup = 6BCB86A61E3A49D10028DADF;
			productRefGroup = 6BCB86B01E3A49D10028DADF /* Products */;
			projectDirPath = "";
			projectRoot = "";
			targets = (
				6BCB86AE1E3A49D10028DADF /* DailyDiary */,
				6BCB86C71E3A49D10028DADF /* DailyDiaryTests */,
				6BCB86D21E3A49D10028DADF /* DailyDiaryUITests */,
			);
		};
/* End PBXProject section */

/* Begin PBXResourcesBuildPhase section */
		6BCB86AD1E3A49D10028DADF /* Resources */ = {
			isa = PBXResourcesBuildPhase;
			buildActionMask = 2147483647;
			files = (
				6BCB86C21E3A49D10028DADF /* LaunchScreen.storyboard in Resources */,
				6BCB86EC1E3A71370028DADF /* Assets.xcassets in Resources */,
				6BCB86BD1E3A49D10028DADF /* Main.storyboard in Resources */,
			);
			runOnlyForDeploymentPostprocessing = 0;
		};
		6BCB86C61E3A49D10028DADF /* Resources */ = {
			isa = PBXResourcesBuildPhase;
			buildActionMask = 2147483647;
			files = (
				6BCB86ED1E3A71370028DADF /* Assets.xcassets in Resources */,
			);
			runOnlyForDeploymentPostprocessing = 0;
		};
		6BCB86D11E3A49D10028DADF /* Resources */ = {
			isa = PBXResourcesBuildPhase;
			buildActionMask = 2147483647;
			files = (
			);
			runOnlyForDeploymentPostprocessing = 0;
		};
/* End PBXResourcesBuildPhase section */

/* Begin PBXSourcesBuildPhase section */
		6BCB86AB1E3A49D10028DADF /* Sources */ = {
			isa = PBXSourcesBuildPhase;
			buildActionMask = 2147483647;
			files = (
				6BCB87021E3BE8550028DADF /* Location+CoreDataClass.swift in Sources */,
				6B63BEA71E40D69400272F9B /* PhotosViewController.swift in Sources */,
				6B63BEF21E4243E200272F9B /* DailyDiaryError.swift in Sources */,
				6B63BEB01E41179700272F9B /* DiaryFetchedResultsManager.swift in Sources */,
				6BCB87081E3BF6560028DADF /* Date+Pretty.swift in Sources */,
				6BCB86FE1E3BE8550028DADF /* Photo+CoreDataClass.swift in Sources */,
				6BEB252A1E3D1AE600975C5E /* MediaPickerManager.swift in Sources */,
				6BEB252D1E3E99BC00975C5E /* LocationManager.swift in Sources */,
				6BCB86FA1E3BE8550028DADF /* DiaryEntry+CoreDataClass.swift in Sources */,
				6BCB86B31E3A49D10028DADF /* AppDelegate.swift in Sources */,
				6BCB87041E3BE8550028DADF /* Location+CoreDataProperties.swift in Sources */,
				6BCBEA8A1E42828D00DF6273 /* LinedPaperTextView.swift in Sources */,
				6BCB86B61E3A49D10028DADF /* DailyDiary.xcdatamodeld in Sources */,
				6B63BEAD1E410C0700272F9B /* DiaryViewController.swift in Sources */,
				6BCB86E91E3A4AE50028DADF /* CoreDataController.swift in Sources */,
				6BEB25301E3EFA2000975C5E /* UIViewController+DailyDiaryError.swift in Sources */,
				6BCB86EF1E3A737C0028DADF /* DiaryCell.swift in Sources */,
				6BCB86F21E3BE2430028DADF /* DiaryEntry+Mood.swift in Sources */,
				6BCB86FC1E3BE8550028DADF /* DiaryEntry+CoreDataProperties.swift in Sources */,
				6BCB87001E3BE8550028DADF /* Photo+CoreDataProperties.swift in Sources */,
				6B63BEAA1E40D8DD00272F9B /* PhotoCell.swift in Sources */,
				6B63BEA11E403F0200272F9B /* DiaryEntry+SectionIdentifier.swift in Sources */,
				6BCB86BA1E3A49D10028DADF /* DetailViewController.swift in Sources */,
			);
			runOnlyForDeploymentPostprocessing = 0;
		};
		6BCB86C41E3A49D10028DADF /* Sources */ = {
			isa = PBXSourcesBuildPhase;
			buildActionMask = 2147483647;
			files = (
				6BEB25311E3EFA2000975C5E /* UIViewController+DailyDiaryError.swift in Sources */,
				6B63BEA81E40D69400272F9B /* PhotosViewController.swift in Sources */,
				6BCBEA8E1E43A0E300DF6273 /* DetailViewController.swift in Sources */,
				6B63BEF31E4243E200272F9B /* DailyDiaryError.swift in Sources */,
				6B63BEB11E41179700272F9B /* DiaryFetchedResultsManager.swift in Sources */,
				6BEB252B1E3D1AE600975C5E /* MediaPickerManager.swift in Sources */,
				6BCB86FD1E3BE8550028DADF /* DiaryEntry+CoreDataProperties.swift in Sources */,
				6BCB86FF1E3BE8550028DADF /* Photo+CoreDataClass.swift in Sources */,
				6B63BEAB1E40D8DD00272F9B /* PhotoCell.swift in Sources */,
				6BCB86F01E3A737C0028DADF /* DiaryCell.swift in Sources */,
				6BCB86FB1E3BE8550028DADF /* DiaryEntry+CoreDataClass.swift in Sources */,
				6B63BEA21E403F0200272F9B /* DiaryEntry+SectionIdentifier.swift in Sources */,
				6BCBEA921E43C5C200DF6273 /* LocationManagerTests.swift in Sources */,
				6BCB87051E3BE8550028DADF /* Location+CoreDataProperties.swift in Sources */,
				6BCBEA8B1E42828D00DF6273 /* LinedPaperTextView.swift in Sources */,
				6B63BEAE1E410C0700272F9B /* DiaryViewController.swift in Sources */,
				6BCB86F31E3BE2430028DADF /* DiaryEntry+Mood.swift in Sources */,
				6BCB87091E3BF6560028DADF /* Date+Pretty.swift in Sources */,
				6BCBEA8D1E43982000DF6273 /* ManagedObjectTests.swift in Sources */,
				6BCB86EA1E3A4AE50028DADF /* CoreDataController.swift in Sources */,
				6BCBEA941E44EC1C00DF6273 /* FetchedResultsTests.swift in Sources */,
				6BCB87031E3BE8550028DADF /* Location+CoreDataClass.swift in Sources */,
				6BCB87011E3BE8550028DADF /* Photo+CoreDataProperties.swift in Sources */,
				6BEB252E1E3E99BC00975C5E /* LocationManager.swift in Sources */,
			);
			runOnlyForDeploymentPostprocessing = 0;
		};
		6BCB86CF1E3A49D10028DADF /* Sources */ = {
			isa = PBXSourcesBuildPhase;
			buildActionMask = 2147483647;
			files = (
				6BCB86D81E3A49D10028DADF /* DailyDiaryUITests.swift in Sources */,
			);
			runOnlyForDeploymentPostprocessing = 0;
		};
/* End PBXSourcesBuildPhase section */

/* Begin PBXTargetDependency section */
		6BCB86CA1E3A49D10028DADF /* PBXTargetDependency */ = {
			isa = PBXTargetDependency;
			target = 6BCB86AE1E3A49D10028DADF /* DailyDiary */;
			targetProxy = 6BCB86C91E3A49D10028DADF /* PBXContainerItemProxy */;
		};
		6BCB86D51E3A49D10028DADF /* PBXTargetDependency */ = {
			isa = PBXTargetDependency;
			target = 6BCB86AE1E3A49D10028DADF /* DailyDiary */;
			targetProxy = 6BCB86D41E3A49D10028DADF /* PBXContainerItemProxy */;
		};
/* End PBXTargetDependency section */

/* Begin PBXVariantGroup section */
		6BCB86BB1E3A49D10028DADF /* Main.storyboard */ = {
			isa = PBXVariantGroup;
			children = (
				6BCB86BC1E3A49D10028DADF /* Base */,
			);
			name = Main.storyboard;
			sourceTree = "<group>";
		};
		6BCB86C01E3A49D10028DADF /* LaunchScreen.storyboard */ = {
			isa = PBXVariantGroup;
			children = (
				6BCB86C11E3A49D10028DADF /* Base */,
			);
			name = LaunchScreen.storyboard;
			sourceTree = "<group>";
		};
/* End PBXVariantGroup section */

/* Begin XCBuildConfiguration section */
		6BCB86DA1E3A49D10028DADF /* Debug */ = {
			isa = XCBuildConfiguration;
			buildSettings = {
				ALWAYS_SEARCH_USER_PATHS = NO;
				CLANG_ANALYZER_NONNULL = YES;
				CLANG_CXX_LANGUAGE_STANDARD = "gnu++0x";
				CLANG_CXX_LIBRARY = "libc++";
				CLANG_ENABLE_MODULES = YES;
				CLANG_ENABLE_OBJC_ARC = YES;
				CLANG_WARN_BOOL_CONVERSION = YES;
				CLANG_WARN_CONSTANT_CONVERSION = YES;
				CLANG_WARN_DIRECT_OBJC_ISA_USAGE = YES_ERROR;
				CLANG_WARN_DOCUMENTATION_COMMENTS = YES;
				CLANG_WARN_EMPTY_BODY = YES;
				CLANG_WARN_ENUM_CONVERSION = YES;
				CLANG_WARN_INFINITE_RECURSION = YES;
				CLANG_WARN_INT_CONVERSION = YES;
				CLANG_WARN_OBJC_ROOT_CLASS = YES_ERROR;
				CLANG_WARN_SUSPICIOUS_MOVE = YES;
				CLANG_WARN_UNREACHABLE_CODE = YES;
				CLANG_WARN__DUPLICATE_METHOD_MATCH = YES;
				"CODE_SIGN_IDENTITY[sdk=iphoneos*]" = "iPhone Developer";
				COPY_PHASE_STRIP = NO;
				DEBUG_ACTIVITY_MODE = "";
				"DEBUG_ACTIVITY_MODE[sdk=iphonesimulator*]" = enable;
				DEBUG_INFORMATION_FORMAT = dwarf;
				ENABLE_STRICT_OBJC_MSGSEND = YES;
				ENABLE_TESTABILITY = YES;
				GCC_C_LANGUAGE_STANDARD = gnu99;
				GCC_DYNAMIC_NO_PIC = NO;
				GCC_NO_COMMON_BLOCKS = YES;
				GCC_OPTIMIZATION_LEVEL = 0;
				GCC_PREPROCESSOR_DEFINITIONS = (
					"DEBUG=1",
					"$(inherited)",
				);
				GCC_WARN_64_TO_32_BIT_CONVERSION = YES;
				GCC_WARN_ABOUT_RETURN_TYPE = YES_ERROR;
				GCC_WARN_UNDECLARED_SELECTOR = YES;
				GCC_WARN_UNINITIALIZED_AUTOS = YES_AGGRESSIVE;
				GCC_WARN_UNUSED_FUNCTION = YES;
				GCC_WARN_UNUSED_VARIABLE = YES;
				IPHONEOS_DEPLOYMENT_TARGET = 10.0;
				MTL_ENABLE_DEBUG_INFO = YES;
				ONLY_ACTIVE_ARCH = YES;
				SDKROOT = iphoneos;
				SWIFT_ACTIVE_COMPILATION_CONDITIONS = DEBUG;
				SWIFT_OPTIMIZATION_LEVEL = "-Onone";
				TARGETED_DEVICE_FAMILY = "1,2";
			};
			name = Debug;
		};
		6BCB86DB1E3A49D10028DADF /* Release */ = {
			isa = XCBuildConfiguration;
			buildSettings = {
				ALWAYS_SEARCH_USER_PATHS = NO;
				CLANG_ANALYZER_NONNULL = YES;
				CLANG_CXX_LANGUAGE_STANDARD = "gnu++0x";
				CLANG_CXX_LIBRARY = "libc++";
				CLANG_ENABLE_MODULES = YES;
				CLANG_ENABLE_OBJC_ARC = YES;
				CLANG_WARN_BOOL_CONVERSION = YES;
				CLANG_WARN_CONSTANT_CONVERSION = YES;
				CLANG_WARN_DIRECT_OBJC_ISA_USAGE = YES_ERROR;
				CLANG_WARN_DOCUMENTATION_COMMENTS = YES;
				CLANG_WARN_EMPTY_BODY = YES;
				CLANG_WARN_ENUM_CONVERSION = YES;
				CLANG_WARN_INFINITE_RECURSION = YES;
				CLANG_WARN_INT_CONVERSION = YES;
				CLANG_WARN_OBJC_ROOT_CLASS = YES_ERROR;
				CLANG_WARN_SUSPICIOUS_MOVE = YES;
				CLANG_WARN_UNREACHABLE_CODE = YES;
				CLANG_WARN__DUPLICATE_METHOD_MATCH = YES;
				"CODE_SIGN_IDENTITY[sdk=iphoneos*]" = "iPhone Developer";
				COPY_PHASE_STRIP = NO;
				DEBUG_ACTIVITY_MODE = "";
				DEBUG_INFORMATION_FORMAT = "dwarf-with-dsym";
				ENABLE_NS_ASSERTIONS = NO;
				ENABLE_STRICT_OBJC_MSGSEND = YES;
				GCC_C_LANGUAGE_STANDARD = gnu99;
				GCC_NO_COMMON_BLOCKS = YES;
				GCC_WARN_64_TO_32_BIT_CONVERSION = YES;
				GCC_WARN_ABOUT_RETURN_TYPE = YES_ERROR;
				GCC_WARN_UNDECLARED_SELECTOR = YES;
				GCC_WARN_UNINITIALIZED_AUTOS = YES_AGGRESSIVE;
				GCC_WARN_UNUSED_FUNCTION = YES;
				GCC_WARN_UNUSED_VARIABLE = YES;
				IPHONEOS_DEPLOYMENT_TARGET = 10.0;
				MTL_ENABLE_DEBUG_INFO = NO;
				SDKROOT = iphoneos;
				SWIFT_OPTIMIZATION_LEVEL = "-Owholemodule";
				TARGETED_DEVICE_FAMILY = "1,2";
				VALIDATE_PRODUCT = YES;
			};
			name = Release;
		};
		6BCB86DD1E3A49D10028DADF /* Debug */ = {
			isa = XCBuildConfiguration;
			buildSettings = {
				ASSETCATALOG_COMPILER_APPICON_NAME = AppIcon;
				DEVELOPMENT_TEAM = 646297YD5V;
				INFOPLIST_FILE = DailyDiary/Info.plist;
				LD_RUNPATH_SEARCH_PATHS = "$(inherited) @executable_path/Frameworks";
				PRODUCT_BUNDLE_IDENTIFIER = com.redBred.DailyDiary;
				PRODUCT_NAME = "$(TARGET_NAME)";
				SWIFT_VERSION = 3.0;
			};
			name = Debug;
		};
		6BCB86DE1E3A49D10028DADF /* Release */ = {
			isa = XCBuildConfiguration;
			buildSettings = {
				ASSETCATALOG_COMPILER_APPICON_NAME = AppIcon;
				DEVELOPMENT_TEAM = 646297YD5V;
				INFOPLIST_FILE = DailyDiary/Info.plist;
				LD_RUNPATH_SEARCH_PATHS = "$(inherited) @executable_path/Frameworks";
				PRODUCT_BUNDLE_IDENTIFIER = com.redBred.DailyDiary;
				PRODUCT_NAME = "$(TARGET_NAME)";
				SWIFT_VERSION = 3.0;
			};
			name = Release;
		};
		6BCB86E01E3A49D10028DADF /* Debug */ = {
			isa = XCBuildConfiguration;
			buildSettings = {
				ALWAYS_EMBED_SWIFT_STANDARD_LIBRARIES = YES;
				BUNDLE_LOADER = "$(TEST_HOST)";
				DEVELOPMENT_TEAM = 646297YD5V;
				INFOPLIST_FILE = DailyDiaryTests/Info.plist;
				LD_RUNPATH_SEARCH_PATHS = "$(inherited) @executable_path/Frameworks @loader_path/Frameworks";
				PRODUCT_BUNDLE_IDENTIFIER = com.redBred.DailyDiaryTests;
				PRODUCT_NAME = "$(TARGET_NAME)";
				SWIFT_VERSION = 3.0;
				TEST_HOST = "$(BUILT_PRODUCTS_DIR)/DailyDiary.app/DailyDiary";
			};
			name = Debug;
		};
		6BCB86E11E3A49D10028DADF /* Release */ = {
			isa = XCBuildConfiguration;
			buildSettings = {
				ALWAYS_EMBED_SWIFT_STANDARD_LIBRARIES = YES;
				BUNDLE_LOADER = "$(TEST_HOST)";
				DEVELOPMENT_TEAM = 646297YD5V;
				INFOPLIST_FILE = DailyDiaryTests/Info.plist;
				LD_RUNPATH_SEARCH_PATHS = "$(inherited) @executable_path/Frameworks @loader_path/Frameworks";
				PRODUCT_BUNDLE_IDENTIFIER = com.redBred.DailyDiaryTests;
				PRODUCT_NAME = "$(TARGET_NAME)";
				SWIFT_VERSION = 3.0;
				TEST_HOST = "$(BUILT_PRODUCTS_DIR)/DailyDiary.app/DailyDiary";
			};
			name = Release;
		};
		6BCB86E31E3A49D10028DADF /* Debug */ = {
			isa = XCBuildConfiguration;
			buildSettings = {
				ALWAYS_EMBED_SWIFT_STANDARD_LIBRARIES = YES;
				DEVELOPMENT_TEAM = 646297YD5V;
				INFOPLIST_FILE = DailyDiaryUITests/Info.plist;
				LD_RUNPATH_SEARCH_PATHS = "$(inherited) @executable_path/Frameworks @loader_path/Frameworks";
				PRODUCT_BUNDLE_IDENTIFIER = com.redBred.DailyDiaryUITests;
				PRODUCT_NAME = "$(TARGET_NAME)";
				SWIFT_VERSION = 3.0;
				TEST_TARGET_NAME = DailyDiary;
			};
			name = Debug;
		};
		6BCB86E41E3A49D10028DADF /* Release */ = {
			isa = XCBuildConfiguration;
			buildSettings = {
				ALWAYS_EMBED_SWIFT_STANDARD_LIBRARIES = YES;
				DEVELOPMENT_TEAM = 646297YD5V;
				INFOPLIST_FILE = DailyDiaryUITests/Info.plist;
				LD_RUNPATH_SEARCH_PATHS = "$(inherited) @executable_path/Frameworks @loader_path/Frameworks";
				PRODUCT_BUNDLE_IDENTIFIER = com.redBred.DailyDiaryUITests;
				PRODUCT_NAME = "$(TARGET_NAME)";
				SWIFT_VERSION = 3.0;
				TEST_TARGET_NAME = DailyDiary;
			};
			name = Release;
		};
/* End XCBuildConfiguration section */

/* Begin XCConfigurationList section */
		6BCB86AA1E3A49D10028DADF /* Build configuration list for PBXProject "DailyDiary" */ = {
			isa = XCConfigurationList;
			buildConfigurations = (
				6BCB86DA1E3A49D10028DADF /* Debug */,
				6BCB86DB1E3A49D10028DADF /* Release */,
			);
			defaultConfigurationIsVisible = 0;
			defaultConfigurationName = Release;
		};
		6BCB86DC1E3A49D10028DADF /* Build configuration list for PBXNativeTarget "DailyDiary" */ = {
			isa = XCConfigurationList;
			buildConfigurations = (
				6BCB86DD1E3A49D10028DADF /* Debug */,
				6BCB86DE1E3A49D10028DADF /* Release */,
			);
			defaultConfigurationIsVisible = 0;
			defaultConfigurationName = Release;
		};
		6BCB86DF1E3A49D10028DADF /* Build configuration list for PBXNativeTarget "DailyDiaryTests" */ = {
			isa = XCConfigurationList;
			buildConfigurations = (
				6BCB86E01E3A49D10028DADF /* Debug */,
				6BCB86E11E3A49D10028DADF /* Release */,
			);
			defaultConfigurationIsVisible = 0;
			defaultConfigurationName = Release;
		};
		6BCB86E21E3A49D10028DADF /* Build configuration list for PBXNativeTarget "DailyDiaryUITests" */ = {
			isa = XCConfigurationList;
			buildConfigurations = (
				6BCB86E31E3A49D10028DADF /* Debug */,
				6BCB86E41E3A49D10028DADF /* Release */,
			);
			defaultConfigurationIsVisible = 0;
			defaultConfigurationName = Release;
		};
/* End XCConfigurationList section */

/* Begin XCVersionGroup section */
		6BCB86B41E3A49D10028DADF /* DailyDiary.xcdatamodeld */ = {
			isa = XCVersionGroup;
			children = (
				6BCB86B51E3A49D10028DADF /* DailyDiary.xcdatamodel */,
			);
			currentVersion = 6BCB86B51E3A49D10028DADF /* DailyDiary.xcdatamodel */;
			path = DailyDiary.xcdatamodeld;
			sourceTree = "<group>";
			versionGroupType = wrapper.xcdatamodel;
		};
/* End XCVersionGroup section */
	};
	rootObject = 6BCB86A71E3A49D10028DADF /* Project object */;
}
